PODS:
  - AFNetworking (2.6.3):
    - AFNetworking/NSURLConnection (= 2.6.3)
    - AFNetworking/NSURLSession (= 2.6.3)
    - AFNetworking/Reachability (= 2.6.3)
    - AFNetworking/Security (= 2.6.3)
    - AFNetworking/Serialization (= 2.6.3)
    - AFNetworking/UIKit (= 2.6.3)
  - AFNetworking/NSURLConnection (2.6.3):
    - AFNetworking/Reachability
    - AFNetworking/Security
    - AFNetworking/Serialization
  - AFNetworking/NSURLSession (2.6.3):
    - AFNetworking/Reachability
    - AFNetworking/Security
    - AFNetworking/Serialization
  - AFNetworking/Reachability (2.6.3)
  - AFNetworking/Security (2.6.3)
  - AFNetworking/Serialization (2.6.3)
  - AFNetworking/UIKit (2.6.3):
    - AFNetworking/NSURLConnection
    - AFNetworking/NSURLSession
  - HRCocoaTools (0.1.5):
    - HRCocoaTools/Category (= 0.1.5)
    - HRCocoaTools/Media (= 0.1.5)
    - HRCocoaTools/Util (= 0.1.5)
  - HRCocoaTools/Category (0.1.5)
  - HRCocoaTools/Media (0.1.5)
  - HRCocoaTools/Util (0.1.5)

DEPENDENCIES:
  - AFNetworking (~> 2.3)
  - HRCocoaTools (from `../`)

EXTERNAL SOURCES:
  HRCocoaTools:
    :path: ../

SPEC CHECKSUMS:
  AFNetworking: cb8d14a848e831097108418f5d49217339d4eb60
  HRCocoaTools: b8a334cbc8831254fdd0fd57a6907721f9f97224

PODFILE CHECKSUM: 18e35fe164f65f86eb5a9ac5ebac3ae59d699fad

COCOAPODS: 1.4.0
